// !$*UTF8*$!
{
	archiveVersion = 1;
	classes = {
	};
	objectVersion = 51;
	objects = {

/* Begin PBXBuildFile section */
		1584F4B50BECF1A880662871 /* Pods_InternCower.framework in Frameworks */ = {isa = PBXBuildFile; fileRef = 5F7AFBFC7A50D26E09AE0A99 /* Pods_InternCower.framework */; };
		1827C34025B87E5400B2D656 /* BaseController.swift in Sources */ = {isa = PBXBuildFile; fileRef = 1827C33F25B87E5400B2D656 /* BaseController.swift */; };
		182A477925BF1293009F58A2 /* DetailTrainingViewController.swift in Sources */ = {isa = PBXBuildFile; fileRef = 182A477825BF1293009F58A2 /* DetailTrainingViewController.swift */; };
		182A477D25BF12DD009F58A2 /* DetailTrainingCell.swift in Sources */ = {isa = PBXBuildFile; fileRef = 182A477B25BF12DD009F58A2 /* DetailTrainingCell.swift */; };
		182A477E25BF12DD009F58A2 /* DetailTrainingCell.xib in Resources */ = {isa = PBXBuildFile; fileRef = 182A477C25BF12DD009F58A2 /* DetailTrainingCell.xib */; };
		182A478025BF2FF6009F58A2 /* UnitIndicator.swift in Sources */ = {isa = PBXBuildFile; fileRef = 182A477F25BF2FF6009F58A2 /* UnitIndicator.swift */; };
		182A478225BF30F3009F58A2 /* UnitIndicatorService.swift in Sources */ = {isa = PBXBuildFile; fileRef = 182A478125BF30F3009F58A2 /* UnitIndicatorService.swift */; };
		6DE332A62C1223D2D03F966C /* Pods_InternCowerTests.framework in Frameworks */ = {isa = PBXBuildFile; fileRef = 843C127A15E6AAE37A6D1F18 /* Pods_InternCowerTests.framework */; };
		750118F025873DC6003EB526 /* ActivitiesVC.swift in Sources */ = {isa = PBXBuildFile; fileRef = 750118EE25873DC6003EB526 /* ActivitiesVC.swift */; };
		750118F125873DC6003EB526 /* ActivitiesVC.xib in Resources */ = {isa = PBXBuildFile; fileRef = 750118EF25873DC6003EB526 /* ActivitiesVC.xib */; };
		750BBF3325874FFC00139591 /* ActivitiesCell.swift in Sources */ = {isa = PBXBuildFile; fileRef = 750BBF3125874FFC00139591 /* ActivitiesCell.swift */; };
		750BBF3425874FFC00139591 /* ActivitiesCell.xib in Resources */ = {isa = PBXBuildFile; fileRef = 750BBF3225874FFC00139591 /* ActivitiesCell.xib */; };
		75252F7D257E071E0067B851 /* AppDelegate.swift in Sources */ = {isa = PBXBuildFile; fileRef = 75252F7C257E071E0067B851 /* AppDelegate.swift */; };
		75252F81257E071E0067B851 /* ViewController.swift in Sources */ = {isa = PBXBuildFile; fileRef = 75252F80257E071E0067B851 /* ViewController.swift */; };
		75252F84257E071E0067B851 /* Main.storyboard in Resources */ = {isa = PBXBuildFile; fileRef = 75252F82257E071E0067B851 /* Main.storyboard */; };
		75252F86257E07250067B851 /* Assets.xcassets in Resources */ = {isa = PBXBuildFile; fileRef = 75252F85257E07250067B851 /* Assets.xcassets */; };
		75252F89257E07250067B851 /* LaunchScreen.storyboard in Resources */ = {isa = PBXBuildFile; fileRef = 75252F87257E07250067B851 /* LaunchScreen.storyboard */; };
		75252F94257E07260067B851 /* InternCowerTests.swift in Sources */ = {isa = PBXBuildFile; fileRef = 75252F93257E07260067B851 /* InternCowerTests.swift */; };
		75252F9F257E07260067B851 /* InternCowerUITests.swift in Sources */ = {isa = PBXBuildFile; fileRef = 75252F9E257E07260067B851 /* InternCowerUITests.swift */; };
		75252FAF257E0B1F0067B851 /* LoginVC.swift in Sources */ = {isa = PBXBuildFile; fileRef = 75252FAD257E0B1F0067B851 /* LoginVC.swift */; };
		75252FB0257E0B1F0067B851 /* LoginVC.xib in Resources */ = {isa = PBXBuildFile; fileRef = 75252FAE257E0B1F0067B851 /* LoginVC.xib */; };
		7525E80B2580A775004FB8B4 /* ApiCommon.swift in Sources */ = {isa = PBXBuildFile; fileRef = 7525E80A2580A775004FB8B4 /* ApiCommon.swift */; };
		7547243725A4551D004877E1 /* UserModel.swift in Sources */ = {isa = PBXBuildFile; fileRef = 7547243625A4551D004877E1 /* UserModel.swift */; };
		7547243925A4572E004877E1 /* LoginService.swift in Sources */ = {isa = PBXBuildFile; fileRef = 7547243825A4572E004877E1 /* LoginService.swift */; };
		754D90CD25B7E61700F09FBB /* LogoutService.swift in Sources */ = {isa = PBXBuildFile; fileRef = 754D90CC25B7E61700F09FBB /* LogoutService.swift */; };
		754FF21425AECB1500189090 /* MenuTableViewCell.swift in Sources */ = {isa = PBXBuildFile; fileRef = 754FF21225AECB1500189090 /* MenuTableViewCell.swift */; };
		754FF21525AECB1500189090 /* MenuTableViewCell.xib in Resources */ = {isa = PBXBuildFile; fileRef = 754FF21325AECB1500189090 /* MenuTableViewCell.xib */; };
		754FF21725AED72500189090 /* MenuItemModel.swift in Sources */ = {isa = PBXBuildFile; fileRef = 754FF21625AED72500189090 /* MenuItemModel.swift */; };
		7551AACF25B80A9C00195557 /* ReportActivityService.swift in Sources */ = {isa = PBXBuildFile; fileRef = 7551AACE25B80A9C00195557 /* ReportActivityService.swift */; };
		7551AAD125B8175600195557 /* ReportActivityModel.swift in Sources */ = {isa = PBXBuildFile; fileRef = 7551AAD025B8175600195557 /* ReportActivityModel.swift */; };
		7562EA7F25820D69002758F8 /* ReportVC.swift in Sources */ = {isa = PBXBuildFile; fileRef = 7562EA7E25820D69002758F8 /* ReportVC.swift */; };
		7562EA83258212DA002758F8 /* ReportCell.swift in Sources */ = {isa = PBXBuildFile; fileRef = 7562EA81258212DA002758F8 /* ReportCell.swift */; };
		7562EA84258212DA002758F8 /* ReportCell.xib in Resources */ = {isa = PBXBuildFile; fileRef = 7562EA82258212DA002758F8 /* ReportCell.xib */; };
		7562EA8725821FF5002758F8 /* Extension.swift in Sources */ = {isa = PBXBuildFile; fileRef = 7562EA8625821FF5002758F8 /* Extension.swift */; };
		75BF634725B93C0D002C3049 /* TrainingViewController.swift in Sources */ = {isa = PBXBuildFile; fileRef = 75BF634525B93C0D002C3049 /* TrainingViewController.swift */; };
		75BF634825B93C0D002C3049 /* TrainingViewController.xib in Resources */ = {isa = PBXBuildFile; fileRef = 75BF634625B93C0D002C3049 /* TrainingViewController.xib */; };
		75BF634C25B95C74002C3049 /* TrainingCell.swift in Sources */ = {isa = PBXBuildFile; fileRef = 75BF634A25B95C74002C3049 /* TrainingCell.swift */; };
		75BF634D25B95C74002C3049 /* TrainingCell.xib in Resources */ = {isa = PBXBuildFile; fileRef = 75BF634B25B95C74002C3049 /* TrainingCell.xib */; };
		75BFD16A25B69267009952BF /* MenuHeader.swift in Sources */ = {isa = PBXBuildFile; fileRef = 75BFD16925B69267009952BF /* MenuHeader.swift */; };
		75BFD16C25B6AEEC009952BF /* ReportModel.swift in Sources */ = {isa = PBXBuildFile; fileRef = 75BFD16B25B6AEEC009952BF /* ReportModel.swift */; };
		75BFD16E25B6D37D009952BF /* MenuHeader.swift in Sources */ = {isa = PBXBuildFile; fileRef = 75BFD16D25B6D37D009952BF /* MenuHeader.swift */; };
		75FBB5DF25B57AA600A1D5BE /* Constants.swift in Sources */ = {isa = PBXBuildFile; fileRef = 75FBB5DE25B57AA600A1D5BE /* Constants.swift */; };
		75FBB5E125B5833D00A1D5BE /* ReportService.swift in Sources */ = {isa = PBXBuildFile; fileRef = 75FBB5E025B5833D00A1D5BE /* ReportService.swift */; };
		75FE418C25AD7FD400285CCB /* MenuViewController.swift in Sources */ = {isa = PBXBuildFile; fileRef = 75FE418B25AD7FD400285CCB /* MenuViewController.swift */; };
/* End PBXBuildFile section */

/* Begin PBXContainerItemProxy section */
		75252F90257E07260067B851 /* PBXContainerItemProxy */ = {
			isa = PBXContainerItemProxy;
			containerPortal = 75252F71257E071E0067B851 /* Project object */;
			proxyType = 1;
			remoteGlobalIDString = 75252F78257E071E0067B851;
			remoteInfo = InternCower;
		};
		75252F9B257E07260067B851 /* PBXContainerItemProxy */ = {
			isa = PBXContainerItemProxy;
			containerPortal = 75252F71257E071E0067B851 /* Project object */;
			proxyType = 1;
			remoteGlobalIDString = 75252F78257E071E0067B851;
			remoteInfo = InternCower;
		};
/* End PBXContainerItemProxy section */

/* Begin PBXFileReference section */
		1827C33F25B87E5400B2D656 /* BaseController.swift */ = {isa = PBXFileReference; lastKnownFileType = sourcecode.swift; path = BaseController.swift; sourceTree = "<group>"; };
		182A477825BF1293009F58A2 /* DetailTrainingViewController.swift */ = {isa = PBXFileReference; lastKnownFileType = sourcecode.swift; path = DetailTrainingViewController.swift; sourceTree = "<group>"; };
		182A477B25BF12DD009F58A2 /* DetailTrainingCell.swift */ = {isa = PBXFileReference; lastKnownFileType = sourcecode.swift; path = DetailTrainingCell.swift; sourceTree = "<group>"; };
		182A477C25BF12DD009F58A2 /* DetailTrainingCell.xib */ = {isa = PBXFileReference; lastKnownFileType = file.xib; path = DetailTrainingCell.xib; sourceTree = "<group>"; };
		182A477F25BF2FF6009F58A2 /* UnitIndicator.swift */ = {isa = PBXFileReference; lastKnownFileType = sourcecode.swift; path = UnitIndicator.swift; sourceTree = "<group>"; };
		182A478125BF30F3009F58A2 /* UnitIndicatorService.swift */ = {isa = PBXFileReference; lastKnownFileType = sourcecode.swift; path = UnitIndicatorService.swift; sourceTree = "<group>"; };
		36F4D99CAE36C50B54B4189C /* Pods-InternCowerTests.release.xcconfig */ = {isa = PBXFileReference; includeInIndex = 1; lastKnownFileType = text.xcconfig; name = "Pods-InternCowerTests.release.xcconfig"; path = "Target Support Files/Pods-InternCowerTests/Pods-InternCowerTests.release.xcconfig"; sourceTree = "<group>"; };
		5F7AFBFC7A50D26E09AE0A99 /* Pods_InternCower.framework */ = {isa = PBXFileReference; explicitFileType = wrapper.framework; includeInIndex = 0; path = Pods_InternCower.framework; sourceTree = BUILT_PRODUCTS_DIR; };
		60C3FDBDBA7E297310050A32 /* Pods-InternCower.debug.xcconfig */ = {isa = PBXFileReference; includeInIndex = 1; lastKnownFileType = text.xcconfig; name = "Pods-InternCower.debug.xcconfig"; path = "Target Support Files/Pods-InternCower/Pods-InternCower.debug.xcconfig"; sourceTree = "<group>"; };
		750118EE25873DC6003EB526 /* ActivitiesVC.swift */ = {isa = PBXFileReference; lastKnownFileType = sourcecode.swift; path = ActivitiesVC.swift; sourceTree = "<group>"; };
		750118EF25873DC6003EB526 /* ActivitiesVC.xib */ = {isa = PBXFileReference; lastKnownFileType = file.xib; path = ActivitiesVC.xib; sourceTree = "<group>"; };
		750BBF3125874FFC00139591 /* ActivitiesCell.swift */ = {isa = PBXFileReference; lastKnownFileType = sourcecode.swift; path = ActivitiesCell.swift; sourceTree = "<group>"; };
		750BBF3225874FFC00139591 /* ActivitiesCell.xib */ = {isa = PBXFileReference; lastKnownFileType = file.xib; path = ActivitiesCell.xib; sourceTree = "<group>"; };
		75252F79257E071E0067B851 /* InternCower.app */ = {isa = PBXFileReference; explicitFileType = wrapper.application; includeInIndex = 0; path = InternCower.app; sourceTree = BUILT_PRODUCTS_DIR; };
		75252F7C257E071E0067B851 /* AppDelegate.swift */ = {isa = PBXFileReference; lastKnownFileType = sourcecode.swift; path = AppDelegate.swift; sourceTree = "<group>"; };
		75252F80257E071E0067B851 /* ViewController.swift */ = {isa = PBXFileReference; lastKnownFileType = sourcecode.swift; path = ViewController.swift; sourceTree = "<group>"; };
		75252F83257E071E0067B851 /* Base */ = {isa = PBXFileReference; lastKnownFileType = file.storyboard; name = Base; path = Base.lproj/Main.storyboard; sourceTree = "<group>"; };
		75252F85257E07250067B851 /* Assets.xcassets */ = {isa = PBXFileReference; lastKnownFileType = folder.assetcatalog; path = Assets.xcassets; sourceTree = "<group>"; };
		75252F88257E07250067B851 /* Base */ = {isa = PBXFileReference; lastKnownFileType = file.storyboard; name = Base; path = Base.lproj/LaunchScreen.storyboard; sourceTree = "<group>"; };
		75252F8A257E07250067B851 /* Info.plist */ = {isa = PBXFileReference; lastKnownFileType = text.plist.xml; path = Info.plist; sourceTree = "<group>"; };
		75252F8F257E07260067B851 /* InternCowerTests.xctest */ = {isa = PBXFileReference; explicitFileType = wrapper.cfbundle; includeInIndex = 0; path = InternCowerTests.xctest; sourceTree = BUILT_PRODUCTS_DIR; };
		75252F93257E07260067B851 /* InternCowerTests.swift */ = {isa = PBXFileReference; lastKnownFileType = sourcecode.swift; path = InternCowerTests.swift; sourceTree = "<group>"; };
		75252F95257E07260067B851 /* Info.plist */ = {isa = PBXFileReference; lastKnownFileType = text.plist.xml; path = Info.plist; sourceTree = "<group>"; };
		75252F9A257E07260067B851 /* InternCowerUITests.xctest */ = {isa = PBXFileReference; explicitFileType = wrapper.cfbundle; includeInIndex = 0; path = InternCowerUITests.xctest; sourceTree = BUILT_PRODUCTS_DIR; };
		75252F9E257E07260067B851 /* InternCowerUITests.swift */ = {isa = PBXFileReference; lastKnownFileType = sourcecode.swift; path = InternCowerUITests.swift; sourceTree = "<group>"; };
		75252FA0257E07260067B851 /* Info.plist */ = {isa = PBXFileReference; lastKnownFileType = text.plist.xml; path = Info.plist; sourceTree = "<group>"; };
		75252FAD257E0B1F0067B851 /* LoginVC.swift */ = {isa = PBXFileReference; lastKnownFileType = sourcecode.swift; path = LoginVC.swift; sourceTree = "<group>"; };
		75252FAE257E0B1F0067B851 /* LoginVC.xib */ = {isa = PBXFileReference; lastKnownFileType = file.xib; path = LoginVC.xib; sourceTree = "<group>"; };
		7525E80A2580A775004FB8B4 /* ApiCommon.swift */ = {isa = PBXFileReference; lastKnownFileType = sourcecode.swift; path = ApiCommon.swift; sourceTree = "<group>"; };
		7547243625A4551D004877E1 /* UserModel.swift */ = {isa = PBXFileReference; lastKnownFileType = sourcecode.swift; path = UserModel.swift; sourceTree = "<group>"; };
		7547243825A4572E004877E1 /* LoginService.swift */ = {isa = PBXFileReference; lastKnownFileType = sourcecode.swift; path = LoginService.swift; sourceTree = "<group>"; };
		754D90CC25B7E61700F09FBB /* LogoutService.swift */ = {isa = PBXFileReference; lastKnownFileType = sourcecode.swift; path = LogoutService.swift; sourceTree = "<group>"; };
		754FF21225AECB1500189090 /* MenuTableViewCell.swift */ = {isa = PBXFileReference; lastKnownFileType = sourcecode.swift; path = MenuTableViewCell.swift; sourceTree = "<group>"; };
		754FF21325AECB1500189090 /* MenuTableViewCell.xib */ = {isa = PBXFileReference; lastKnownFileType = file.xib; path = MenuTableViewCell.xib; sourceTree = "<group>"; };
		754FF21625AED72500189090 /* MenuItemModel.swift */ = {isa = PBXFileReference; lastKnownFileType = sourcecode.swift; path = MenuItemModel.swift; sourceTree = "<group>"; };
		7551AACE25B80A9C00195557 /* ReportActivityService.swift */ = {isa = PBXFileReference; lastKnownFileType = sourcecode.swift; path = ReportActivityService.swift; sourceTree = "<group>"; };
		7551AAD025B8175600195557 /* ReportActivityModel.swift */ = {isa = PBXFileReference; lastKnownFileType = sourcecode.swift; path = ReportActivityModel.swift; sourceTree = "<group>"; };
		7562EA7E25820D69002758F8 /* ReportVC.swift */ = {isa = PBXFileReference; lastKnownFileType = sourcecode.swift; path = ReportVC.swift; sourceTree = "<group>"; };
		7562EA81258212DA002758F8 /* ReportCell.swift */ = {isa = PBXFileReference; lastKnownFileType = sourcecode.swift; path = ReportCell.swift; sourceTree = "<group>"; };
		7562EA82258212DA002758F8 /* ReportCell.xib */ = {isa = PBXFileReference; lastKnownFileType = file.xib; path = ReportCell.xib; sourceTree = "<group>"; };
		7562EA8625821FF5002758F8 /* Extension.swift */ = {isa = PBXFileReference; lastKnownFileType = sourcecode.swift; path = Extension.swift; sourceTree = "<group>"; };
		75BF634525B93C0D002C3049 /* TrainingViewController.swift */ = {isa = PBXFileReference; lastKnownFileType = sourcecode.swift; path = TrainingViewController.swift; sourceTree = "<group>"; };
		75BF634625B93C0D002C3049 /* TrainingViewController.xib */ = {isa = PBXFileReference; lastKnownFileType = file.xib; path = TrainingViewController.xib; sourceTree = "<group>"; };
		75BF634A25B95C74002C3049 /* TrainingCell.swift */ = {isa = PBXFileReference; lastKnownFileType = sourcecode.swift; path = TrainingCell.swift; sourceTree = "<group>"; };
		75BF634B25B95C74002C3049 /* TrainingCell.xib */ = {isa = PBXFileReference; lastKnownFileType = file.xib; path = TrainingCell.xib; sourceTree = "<group>"; };
		75BFD16925B69267009952BF /* MenuHeader.swift */ = {isa = PBXFileReference; lastKnownFileType = sourcecode.swift; path = MenuHeader.swift; sourceTree = "<group>"; };
		75BFD16B25B6AEEC009952BF /* ReportModel.swift */ = {isa = PBXFileReference; lastKnownFileType = sourcecode.swift; path = ReportModel.swift; sourceTree = "<group>"; };
		75BFD16D25B6D37D009952BF /* MenuHeader.swift */ = {isa = PBXFileReference; lastKnownFileType = sourcecode.swift; name = MenuHeader.swift; path = InternCower/Home/MenuView/MenuHeader.swift; sourceTree = SOURCE_ROOT; };
		75FBB5DE25B57AA600A1D5BE /* Constants.swift */ = {isa = PBXFileReference; lastKnownFileType = sourcecode.swift; path = Constants.swift; sourceTree = "<group>"; };
		75FBB5E025B5833D00A1D5BE /* ReportService.swift */ = {isa = PBXFileReference; lastKnownFileType = sourcecode.swift; path = ReportService.swift; sourceTree = "<group>"; };
		75FE418B25AD7FD400285CCB /* MenuViewController.swift */ = {isa = PBXFileReference; lastKnownFileType = sourcecode.swift; path = MenuViewController.swift; sourceTree = "<group>"; };
		7C0EE1A51569F0CB18CB495C /* Pods-InternCower.release.xcconfig */ = {isa = PBXFileReference; includeInIndex = 1; lastKnownFileType = text.xcconfig; name = "Pods-InternCower.release.xcconfig"; path = "Target Support Files/Pods-InternCower/Pods-InternCower.release.xcconfig"; sourceTree = "<group>"; };
		843C127A15E6AAE37A6D1F18 /* Pods_InternCowerTests.framework */ = {isa = PBXFileReference; explicitFileType = wrapper.framework; includeInIndex = 0; path = Pods_InternCowerTests.framework; sourceTree = BUILT_PRODUCTS_DIR; };
		E7538B6C259BA5995F6AF805 /* Pods-InternCowerTests.debug.xcconfig */ = {isa = PBXFileReference; includeInIndex = 1; lastKnownFileType = text.xcconfig; name = "Pods-InternCowerTests.debug.xcconfig"; path = "Target Support Files/Pods-InternCowerTests/Pods-InternCowerTests.debug.xcconfig"; sourceTree = "<group>"; };
/* End PBXFileReference section */

/* Begin PBXFrameworksBuildPhase section */
		75252F76257E071E0067B851 /* Frameworks */ = {
			isa = PBXFrameworksBuildPhase;
			buildActionMask = 2147483647;
			files = (
				1584F4B50BECF1A880662871 /* Pods_InternCower.framework in Frameworks */,
			);
			runOnlyForDeploymentPostprocessing = 0;
		};
		75252F8C257E07260067B851 /* Frameworks */ = {
			isa = PBXFrameworksBuildPhase;
			buildActionMask = 2147483647;
			files = (
				6DE332A62C1223D2D03F966C /* Pods_InternCowerTests.framework in Frameworks */,
			);
			runOnlyForDeploymentPostprocessing = 0;
		};
		75252F97257E07260067B851 /* Frameworks */ = {
			isa = PBXFrameworksBuildPhase;
			buildActionMask = 2147483647;
			files = (
			);
			runOnlyForDeploymentPostprocessing = 0;
		};
/* End PBXFrameworksBuildPhase section */

/* Begin PBXGroup section */
		125AD567B060A7D03AC92457 /* Pods */ = {
			isa = PBXGroup;
			children = (
				60C3FDBDBA7E297310050A32 /* Pods-InternCower.debug.xcconfig */,
				7C0EE1A51569F0CB18CB495C /* Pods-InternCower.release.xcconfig */,
				E7538B6C259BA5995F6AF805 /* Pods-InternCowerTests.debug.xcconfig */,
				36F4D99CAE36C50B54B4189C /* Pods-InternCowerTests.release.xcconfig */,
			);
			path = Pods;
			sourceTree = "<group>";
		};
		182A477725BF125A009F58A2 /* DetailTraining */ = {
			isa = PBXGroup;
			children = (
				182A477A25BF12AF009F58A2 /* DetailTrainingCell */,
				182A477825BF1293009F58A2 /* DetailTrainingViewController.swift */,
			);
			path = DetailTraining;
			sourceTree = "<group>";
		};
		182A477A25BF12AF009F58A2 /* DetailTrainingCell */ = {
			isa = PBXGroup;
			children = (
				182A477B25BF12DD009F58A2 /* DetailTrainingCell.swift */,
				182A477C25BF12DD009F58A2 /* DetailTrainingCell.xib */,
			);
			path = DetailTrainingCell;
			sourceTree = "<group>";
		};
		750118ED25873D7B003EB526 /* Activities */ = {
			isa = PBXGroup;
			children = (
				750BBF2C25874F8700139591 /* CellCustom */,
				750118EE25873DC6003EB526 /* ActivitiesVC.swift */,
				750118EF25873DC6003EB526 /* ActivitiesVC.xib */,
			);
			path = Activities;
			sourceTree = "<group>";
		};
		750BBF2C25874F8700139591 /* CellCustom */ = {
			isa = PBXGroup;
			children = (
				750BBF3125874FFC00139591 /* ActivitiesCell.swift */,
				750BBF3225874FFC00139591 /* ActivitiesCell.xib */,
			);
			path = CellCustom;
			sourceTree = "<group>";
		};
		75252F70257E071E0067B851 = {
			isa = PBXGroup;
			children = (
				75252F7B257E071E0067B851 /* InternCower */,
				75252F92257E07260067B851 /* InternCowerTests */,
				75252F9D257E07260067B851 /* InternCowerUITests */,
				75252F7A257E071E0067B851 /* Products */,
				125AD567B060A7D03AC92457 /* Pods */,
				C9A38D847F09AFEB30CEEE52 /* Frameworks */,
			);
			sourceTree = "<group>";
		};
		75252F7A257E071E0067B851 /* Products */ = {
			isa = PBXGroup;
			children = (
				75252F79257E071E0067B851 /* InternCower.app */,
				75252F8F257E07260067B851 /* InternCowerTests.xctest */,
				75252F9A257E07260067B851 /* InternCowerUITests.xctest */,
			);
			name = Products;
			sourceTree = "<group>";
		};
		75252F7B257E071E0067B851 /* InternCower */ = {
			isa = PBXGroup;
			children = (
				182A477725BF125A009F58A2 /* DetailTraining */,
				75BF633E25B926F3002C3049 /* DetailActivity */,
				7547243525A45500004877E1 /* Model */,
				750118ED25873D7B003EB526 /* Activities */,
				7562EA8525821FD0002758F8 /* Extension */,
				7525E8062580A461004FB8B4 /* Utils */,
				75861727257F6BA1002D8B82 /* Home */,
				75252FAC257E0A870067B851 /* Login */,
				75252F7C257E071E0067B851 /* AppDelegate.swift */,
				75252F80257E071E0067B851 /* ViewController.swift */,
				75252F82257E071E0067B851 /* Main.storyboard */,
				75252F85257E07250067B851 /* Assets.xcassets */,
				75252F87257E07250067B851 /* LaunchScreen.storyboard */,
				75252F8A257E07250067B851 /* Info.plist */,
				1827C33F25B87E5400B2D656 /* BaseController.swift */,
			);
			path = InternCower;
			sourceTree = "<group>";
		};
		75252F92257E07260067B851 /* InternCowerTests */ = {
			isa = PBXGroup;
			children = (
				75252F93257E07260067B851 /* InternCowerTests.swift */,
				75252F95257E07260067B851 /* Info.plist */,
			);
			path = InternCowerTests;
			sourceTree = "<group>";
		};
		75252F9D257E07260067B851 /* InternCowerUITests */ = {
			isa = PBXGroup;
			children = (
				75252F9E257E07260067B851 /* InternCowerUITests.swift */,
				75252FA0257E07260067B851 /* Info.plist */,
			);
			path = InternCowerUITests;
			sourceTree = "<group>";
		};
		75252FAC257E0A870067B851 /* Login */ = {
			isa = PBXGroup;
			children = (
				75252FAD257E0B1F0067B851 /* LoginVC.swift */,
				75252FAE257E0B1F0067B851 /* LoginVC.xib */,
			);
			path = Login;
			sourceTree = "<group>";
		};
		7525E8062580A461004FB8B4 /* Utils */ = {
			isa = PBXGroup;
			children = (
				7525E8072580A46F004FB8B4 /* NetworkingService */,
				75FBB5DE25B57AA600A1D5BE /* Constants.swift */,
			);
			path = Utils;
			sourceTree = "<group>";
		};
		7525E8072580A46F004FB8B4 /* NetworkingService */ = {
			isa = PBXGroup;
			children = (
				7551AACD25B809C500195557 /* ActivitiesService */,
				754D90C925B7E4E800F09FBB /* Authentication */,
				7525E80A2580A775004FB8B4 /* ApiCommon.swift */,
				75FBB5E025B5833D00A1D5BE /* ReportService.swift */,
				182A478125BF30F3009F58A2 /* UnitIndicatorService.swift */,
			);
			path = NetworkingService;
			sourceTree = "<group>";
		};
		7547243525A45500004877E1 /* Model */ = {
			isa = PBXGroup;
			children = (
				7547243625A4551D004877E1 /* UserModel.swift */,
				754FF21625AED72500189090 /* MenuItemModel.swift */,
				75BFD16B25B6AEEC009952BF /* ReportModel.swift */,
				7551AAD025B8175600195557 /* ReportActivityModel.swift */,
				182A477F25BF2FF6009F58A2 /* UnitIndicator.swift */,
			);
			path = Model;
			sourceTree = "<group>";
		};
		754D90C925B7E4E800F09FBB /* Authentication */ = {
			isa = PBXGroup;
			children = (
				7547243825A4572E004877E1 /* LoginService.swift */,
				754D90CC25B7E61700F09FBB /* LogoutService.swift */,
			);
			path = Authentication;
			sourceTree = "<group>";
		};
		754FF20D25AEC88700189090 /* MenuView */ = {
			isa = PBXGroup;
			children = (
				754FF21225AECB1500189090 /* MenuTableViewCell.swift */,
				754FF21325AECB1500189090 /* MenuTableViewCell.xib */,
				75BFD16925B69267009952BF /* MenuHeader.swift */,
			);
			path = MenuView;
			sourceTree = "<group>";
		};
		7551AACD25B809C500195557 /* ActivitiesService */ = {
			isa = PBXGroup;
			children = (
				7551AACE25B80A9C00195557 /* ReportActivityService.swift */,
			);
			path = ActivitiesService;
			sourceTree = "<group>";
		};
		7562EA80258212B4002758F8 /* ReportView */ = {
			isa = PBXGroup;
			children = (
				7562EA81258212DA002758F8 /* ReportCell.swift */,
				7562EA82258212DA002758F8 /* ReportCell.xib */,
				75BFD16D25B6D37D009952BF /* MenuHeader.swift */,
			);
			path = ReportView;
			sourceTree = "<group>";
		};
		7562EA8525821FD0002758F8 /* Extension */ = {
			isa = PBXGroup;
			children = (
				7562EA8625821FF5002758F8 /* Extension.swift */,
			);
			path = Extension;
			sourceTree = "<group>";
		};
		75861727257F6BA1002D8B82 /* Home */ = {
			isa = PBXGroup;
			children = (
				754FF20D25AEC88700189090 /* MenuView */,
				7562EA80258212B4002758F8 /* ReportView */,
				7562EA7E25820D69002758F8 /* ReportVC.swift */,
				75FE418B25AD7FD400285CCB /* MenuViewController.swift */,
			);
			path = Home;
			sourceTree = "<group>";
		};
		75BF633E25B926F3002C3049 /* DetailActivity */ = {
			isa = PBXGroup;
			children = (
				75BF634925B95C3A002C3049 /* TrainingCell */,
				75BF634525B93C0D002C3049 /* TrainingViewController.swift */,
				75BF634625B93C0D002C3049 /* TrainingViewController.xib */,
			);
			path = DetailActivity;
			sourceTree = "<group>";
		};
		75BF634925B95C3A002C3049 /* TrainingCell */ = {
			isa = PBXGroup;
			children = (
				75BF634A25B95C74002C3049 /* TrainingCell.swift */,
				75BF634B25B95C74002C3049 /* TrainingCell.xib */,
			);
			path = TrainingCell;
			sourceTree = "<group>";
		};
		C9A38D847F09AFEB30CEEE52 /* Frameworks */ = {
			isa = PBXGroup;
			children = (
				5F7AFBFC7A50D26E09AE0A99 /* Pods_InternCower.framework */,
				843C127A15E6AAE37A6D1F18 /* Pods_InternCowerTests.framework */,
			);
			name = Frameworks;
			sourceTree = "<group>";
		};
/* End PBXGroup section */

/* Begin PBXNativeTarget section */
		75252F78257E071E0067B851 /* InternCower */ = {
			isa = PBXNativeTarget;
			buildConfigurationList = 75252FA3257E07260067B851 /* Build configuration list for PBXNativeTarget "InternCower" */;
			buildPhases = (
				69ED3DD17CF8FAE7A345E383 /* [CP] Check Pods Manifest.lock */,
				75252F75257E071E0067B851 /* Sources */,
				75252F76257E071E0067B851 /* Frameworks */,
				75252F77257E071E0067B851 /* Resources */,
				4E9FFFA8F85BC63A45AE78EB /* [CP] Embed Pods Frameworks */,
				75B9507525AFE69F00AEBC80 /* ShellScript */,
			);
			buildRules = (
			);
			dependencies = (
			);
			name = InternCower;
			productName = InternCower;
			productReference = 75252F79257E071E0067B851 /* InternCower.app */;
			productType = "com.apple.product-type.application";
		};
		75252F8E257E07260067B851 /* InternCowerTests */ = {
			isa = PBXNativeTarget;
			buildConfigurationList = 75252FA6257E07260067B851 /* Build configuration list for PBXNativeTarget "InternCowerTests" */;
			buildPhases = (
				B6E876C1DF2ECCA2E0BA0D32 /* [CP] Check Pods Manifest.lock */,
				75252F8B257E07260067B851 /* Sources */,
				75252F8C257E07260067B851 /* Frameworks */,
				75252F8D257E07260067B851 /* Resources */,
			);
			buildRules = (
			);
			dependencies = (
				75252F91257E07260067B851 /* PBXTargetDependency */,
			);
			name = InternCowerTests;
			productName = InternCowerTests;
			productReference = 75252F8F257E07260067B851 /* InternCowerTests.xctest */;
			productType = "com.apple.product-type.bundle.unit-test";
		};
		75252F99257E07260067B851 /* InternCowerUITests */ = {
			isa = PBXNativeTarget;
			buildConfigurationList = 75252FA9257E07260067B851 /* Build configuration list for PBXNativeTarget "InternCowerUITests" */;
			buildPhases = (
				75252F96257E07260067B851 /* Sources */,
				75252F97257E07260067B851 /* Frameworks */,
				75252F98257E07260067B851 /* Resources */,
			);
			buildRules = (
			);
			dependencies = (
				75252F9C257E07260067B851 /* PBXTargetDependency */,
			);
			name = InternCowerUITests;
			productName = InternCowerUITests;
			productReference = 75252F9A257E07260067B851 /* InternCowerUITests.xctest */;
			productType = "com.apple.product-type.bundle.ui-testing";
		};
/* End PBXNativeTarget section */

/* Begin PBXProject section */
		75252F71257E071E0067B851 /* Project object */ = {
			isa = PBXProject;
			attributes = {
				LastSwiftUpdateCheck = 1130;
				LastUpgradeCheck = 1130;
				ORGANIZATIONNAME = ThucTapSinh;
				TargetAttributes = {
					75252F78257E071E0067B851 = {
						CreatedOnToolsVersion = 11.3;
					};
					75252F8E257E07260067B851 = {
						CreatedOnToolsVersion = 11.3;
						TestTargetID = 75252F78257E071E0067B851;
					};
					75252F99257E07260067B851 = {
						CreatedOnToolsVersion = 11.3;
						TestTargetID = 75252F78257E071E0067B851;
					};
				};
			};
			buildConfigurationList = 75252F74257E071E0067B851 /* Build configuration list for PBXProject "InternCower" */;
			compatibilityVersion = "Xcode 9.3";
			developmentRegion = en;
			hasScannedForEncodings = 0;
			knownRegions = (
				en,
				Base,
			);
			mainGroup = 75252F70257E071E0067B851;
			productRefGroup = 75252F7A257E071E0067B851 /* Products */;
			projectDirPath = "";
			projectRoot = "";
			targets = (
				75252F78257E071E0067B851 /* InternCower */,
				75252F8E257E07260067B851 /* InternCowerTests */,
				75252F99257E07260067B851 /* InternCowerUITests */,
			);
		};
/* End PBXProject section */

/* Begin PBXResourcesBuildPhase section */
		75252F77257E071E0067B851 /* Resources */ = {
			isa = PBXResourcesBuildPhase;
			buildActionMask = 2147483647;
			files = (
				7562EA84258212DA002758F8 /* ReportCell.xib in Resources */,
				750BBF3425874FFC00139591 /* ActivitiesCell.xib in Resources */,
				750118F125873DC6003EB526 /* ActivitiesVC.xib in Resources */,
				75252F89257E07250067B851 /* LaunchScreen.storyboard in Resources */,
				75252F86257E07250067B851 /* Assets.xcassets in Resources */,
				182A477E25BF12DD009F58A2 /* DetailTrainingCell.xib in Resources */,
				75252FB0257E0B1F0067B851 /* LoginVC.xib in Resources */,
				75BF634825B93C0D002C3049 /* TrainingViewController.xib in Resources */,
				754FF21525AECB1500189090 /* MenuTableViewCell.xib in Resources */,
				75252F84257E071E0067B851 /* Main.storyboard in Resources */,
				75BF634D25B95C74002C3049 /* TrainingCell.xib in Resources */,
			);
			runOnlyForDeploymentPostprocessing = 0;
		};
		75252F8D257E07260067B851 /* Resources */ = {
			isa = PBXResourcesBuildPhase;
			buildActionMask = 2147483647;
			files = (
			);
			runOnlyForDeploymentPostprocessing = 0;
		};
		75252F98257E07260067B851 /* Resources */ = {
			isa = PBXResourcesBuildPhase;
			buildActionMask = 2147483647;
			files = (
			);
			runOnlyForDeploymentPostprocessing = 0;
		};
/* End PBXResourcesBuildPhase section */

/* Begin PBXShellScriptBuildPhase section */
		4E9FFFA8F85BC63A45AE78EB /* [CP] Embed Pods Frameworks */ = {
			isa = PBXShellScriptBuildPhase;
			buildActionMask = 2147483647;
			files = (
			);
			inputFileListPaths = (
				"${PODS_ROOT}/Target Support Files/Pods-InternCower/Pods-InternCower-frameworks-${CONFIGURATION}-input-files.xcfilelist",
			);
			name = "[CP] Embed Pods Frameworks";
			outputFileListPaths = (
				"${PODS_ROOT}/Target Support Files/Pods-InternCower/Pods-InternCower-frameworks-${CONFIGURATION}-output-files.xcfilelist",
			);
			runOnlyForDeploymentPostprocessing = 0;
			shellPath = /bin/sh;
			shellScript = "\"${PODS_ROOT}/Target Support Files/Pods-InternCower/Pods-InternCower-frameworks.sh\"\n";
			showEnvVarsInLog = 0;
		};
		69ED3DD17CF8FAE7A345E383 /* [CP] Check Pods Manifest.lock */ = {
			isa = PBXShellScriptBuildPhase;
			buildActionMask = 2147483647;
			files = (
			);
			inputFileListPaths = (
			);
			inputPaths = (
				"${PODS_PODFILE_DIR_PATH}/Podfile.lock",
				"${PODS_ROOT}/Manifest.lock",
			);
			name = "[CP] Check Pods Manifest.lock";
			outputFileListPaths = (
			);
			outputPaths = (
				"$(DERIVED_FILE_DIR)/Pods-InternCower-checkManifestLockResult.txt",
			);
			runOnlyForDeploymentPostprocessing = 0;
			shellPath = /bin/sh;
			shellScript = "diff \"${PODS_PODFILE_DIR_PATH}/Podfile.lock\" \"${PODS_ROOT}/Manifest.lock\" > /dev/null\nif [ $? != 0 ] ; then\n    # print error to STDERR\n    echo \"error: The sandbox is not in sync with the Podfile.lock. Run 'pod install' or update your CocoaPods installation.\" >&2\n    exit 1\nfi\n# This output is used by Xcode 'outputs' to avoid re-running this script phase.\necho \"SUCCESS\" > \"${SCRIPT_OUTPUT_FILE_0}\"\n";
			showEnvVarsInLog = 0;
		};
		75B9507525AFE69F00AEBC80 /* ShellScript */ = {
			isa = PBXShellScriptBuildPhase;
			buildActionMask = 2147483647;
			files = (
			);
			inputFileListPaths = (
			);
			inputPaths = (
			);
			outputFileListPaths = (
			);
			outputPaths = (
			);
			runOnlyForDeploymentPostprocessing = 0;
			shellPath = /bin/sh;
			shellScript = "# Type a script or drag a script file from your workspace to insert its path.\n\"${PODS_ROOT}/SwiftLint/swiftlint\"\n";
		};
		B6E876C1DF2ECCA2E0BA0D32 /* [CP] Check Pods Manifest.lock */ = {
			isa = PBXShellScriptBuildPhase;
			buildActionMask = 2147483647;
			files = (
			);
			inputFileListPaths = (
			);
			inputPaths = (
				"${PODS_PODFILE_DIR_PATH}/Podfile.lock",
				"${PODS_ROOT}/Manifest.lock",
			);
			name = "[CP] Check Pods Manifest.lock";
			outputFileListPaths = (
			);
			outputPaths = (
				"$(DERIVED_FILE_DIR)/Pods-InternCowerTests-checkManifestLockResult.txt",
			);
			runOnlyForDeploymentPostprocessing = 0;
			shellPath = /bin/sh;
			shellScript = "diff \"${PODS_PODFILE_DIR_PATH}/Podfile.lock\" \"${PODS_ROOT}/Manifest.lock\" > /dev/null\nif [ $? != 0 ] ; then\n    # print error to STDERR\n    echo \"error: The sandbox is not in sync with the Podfile.lock. Run 'pod install' or update your CocoaPods installation.\" >&2\n    exit 1\nfi\n# This output is used by Xcode 'outputs' to avoid re-running this script phase.\necho \"SUCCESS\" > \"${SCRIPT_OUTPUT_FILE_0}\"\n";
			showEnvVarsInLog = 0;
		};
/* End PBXShellScriptBuildPhase section */

/* Begin PBXSourcesBuildPhase section */
		75252F75257E071E0067B851 /* Sources */ = {
			isa = PBXSourcesBuildPhase;
			buildActionMask = 2147483647;
			files = (
				75252F81257E071E0067B851 /* ViewController.swift in Sources */,
				7547243925A4572E004877E1 /* LoginService.swift in Sources */,
				7562EA7F25820D69002758F8 /* ReportVC.swift in Sources */,
				754FF21725AED72500189090 /* MenuItemModel.swift in Sources */,
				75BFD16A25B69267009952BF /* MenuHeader.swift in Sources */,
				754D90CD25B7E61700F09FBB /* LogoutService.swift in Sources */,
				75BF634C25B95C74002C3049 /* TrainingCell.swift in Sources */,
				7562EA8725821FF5002758F8 /* Extension.swift in Sources */,
				75FBB5DF25B57AA600A1D5BE /* Constants.swift in Sources */,
				7551AAD125B8175600195557 /* ReportActivityModel.swift in Sources */,
				750118F025873DC6003EB526 /* ActivitiesVC.swift in Sources */,
				1827C34025B87E5400B2D656 /* BaseController.swift in Sources */,
				7551AACF25B80A9C00195557 /* ReportActivityService.swift in Sources */,
				75252F7D257E071E0067B851 /* AppDelegate.swift in Sources */,
				7525E80B2580A775004FB8B4 /* ApiCommon.swift in Sources */,
				75FE418C25AD7FD400285CCB /* MenuViewController.swift in Sources */,
				75252FAF257E0B1F0067B851 /* LoginVC.swift in Sources */,
				75FBB5E125B5833D00A1D5BE /* ReportService.swift in Sources */,
				754FF21425AECB1500189090 /* MenuTableViewCell.swift in Sources */,
				182A477925BF1293009F58A2 /* DetailTrainingViewController.swift in Sources */,
				75BF634725B93C0D002C3049 /* TrainingViewController.swift in Sources */,
				7562EA83258212DA002758F8 /* ReportCell.swift in Sources */,
				182A478225BF30F3009F58A2 /* UnitIndicatorService.swift in Sources */,
				75BFD16C25B6AEEC009952BF /* ReportModel.swift in Sources */,
				182A477D25BF12DD009F58A2 /* DetailTrainingCell.swift in Sources */,
				75BFD16E25B6D37D009952BF /* MenuHeader.swift in Sources */,
				7547243725A4551D004877E1 /* UserModel.swift in Sources */,
				750BBF3325874FFC00139591 /* ActivitiesCell.swift in Sources */,
				182A478025BF2FF6009F58A2 /* UnitIndicator.swift in Sources */,
			);
			runOnlyForDeploymentPostprocessing = 0;
		};
		75252F8B257E07260067B851 /* Sources */ = {
			isa = PBXSourcesBuildPhase;
			buildActionMask = 2147483647;
			files = (
				75252F94257E07260067B851 /* InternCowerTests.swift in Sources */,
			);
			runOnlyForDeploymentPostprocessing = 0;
		};
		75252F96257E07260067B851 /* Sources */ = {
			isa = PBXSourcesBuildPhase;
			buildActionMask = 2147483647;
			files = (
				75252F9F257E07260067B851 /* InternCowerUITests.swift in Sources */,
			);
			runOnlyForDeploymentPostprocessing = 0;
		};
/* End PBXSourcesBuildPhase section */

/* Begin PBXTargetDependency section */
		75252F91257E07260067B851 /* PBXTargetDependency */ = {
			isa = PBXTargetDependency;
			target = 75252F78257E071E0067B851 /* InternCower */;
			targetProxy = 75252F90257E07260067B851 /* PBXContainerItemProxy */;
		};
		75252F9C257E07260067B851 /* PBXTargetDependency */ = {
			isa = PBXTargetDependency;
			target = 75252F78257E071E0067B851 /* InternCower */;
			targetProxy = 75252F9B257E07260067B851 /* PBXContainerItemProxy */;
		};
/* End PBXTargetDependency section */

/* Begin PBXVariantGroup section */
		75252F82257E071E0067B851 /* Main.storyboard */ = {
			isa = PBXVariantGroup;
			children = (
				75252F83257E071E0067B851 /* Base */,
			);
			name = Main.storyboard;
			sourceTree = "<group>";
		};
		75252F87257E07250067B851 /* LaunchScreen.storyboard */ = {
			isa = PBXVariantGroup;
			children = (
				75252F88257E07250067B851 /* Base */,
			);
			name = LaunchScreen.storyboard;
			sourceTree = "<group>";
		};
/* End PBXVariantGroup section */

/* Begin XCBuildConfiguration section */
		75252FA1257E07260067B851 /* Debug */ = {
			isa = XCBuildConfiguration;
			buildSettings = {
				ALWAYS_SEARCH_USER_PATHS = NO;
				CLANG_ANALYZER_NONNULL = YES;
				CLANG_ANALYZER_NUMBER_OBJECT_CONVERSION = YES_AGGRESSIVE;
				CLANG_CXX_LANGUAGE_STANDARD = "gnu++14";
				CLANG_CXX_LIBRARY = "libc++";
				CLANG_ENABLE_MODULES = YES;
				CLANG_ENABLE_OBJC_ARC = YES;
				CLANG_ENABLE_OBJC_WEAK = YES;
				CLANG_WARN_BLOCK_CAPTURE_AUTORELEASING = YES;
				CLANG_WARN_BOOL_CONVERSION = YES;
				CLANG_WARN_COMMA = YES;
				CLANG_WARN_CONSTANT_CONVERSION = YES;
				CLANG_WARN_DEPRECATED_OBJC_IMPLEMENTATIONS = YES;
				CLANG_WARN_DIRECT_OBJC_ISA_USAGE = YES_ERROR;
				CLANG_WARN_DOCUMENTATION_COMMENTS = YES;
				CLANG_WARN_EMPTY_BODY = YES;
				CLANG_WARN_ENUM_CONVERSION = YES;
				CLANG_WARN_INFINITE_RECURSION = YES;
				CLANG_WARN_INT_CONVERSION = YES;
				CLANG_WARN_NON_LITERAL_NULL_CONVERSION = YES;
				CLANG_WARN_OBJC_IMPLICIT_RETAIN_SELF = YES;
				CLANG_WARN_OBJC_LITERAL_CONVERSION = YES;
				CLANG_WARN_OBJC_ROOT_CLASS = YES_ERROR;
				CLANG_WARN_RANGE_LOOP_ANALYSIS = YES;
				CLANG_WARN_STRICT_PROTOTYPES = YES;
				CLANG_WARN_SUSPICIOUS_MOVE = YES;
				CLANG_WARN_UNGUARDED_AVAILABILITY = YES_AGGRESSIVE;
				CLANG_WARN_UNREACHABLE_CODE = YES;
				CLANG_WARN__DUPLICATE_METHOD_MATCH = YES;
				COPY_PHASE_STRIP = NO;
				DEBUG_INFORMATION_FORMAT = dwarf;
				ENABLE_STRICT_OBJC_MSGSEND = YES;
				ENABLE_TESTABILITY = YES;
				GCC_C_LANGUAGE_STANDARD = gnu11;
				GCC_DYNAMIC_NO_PIC = NO;
				GCC_NO_COMMON_BLOCKS = YES;
				GCC_OPTIMIZATION_LEVEL = 0;
				GCC_PREPROCESSOR_DEFINITIONS = (
					"DEBUG=1",
					"$(inherited)",
				);
				GCC_WARN_64_TO_32_BIT_CONVERSION = YES;
				GCC_WARN_ABOUT_RETURN_TYPE = YES_ERROR;
				GCC_WARN_UNDECLARED_SELECTOR = YES;
				GCC_WARN_UNINITIALIZED_AUTOS = YES_AGGRESSIVE;
				GCC_WARN_UNUSED_FUNCTION = YES;
				GCC_WARN_UNUSED_VARIABLE = YES;
				IPHONEOS_DEPLOYMENT_TARGET = 13.2;
				MTL_ENABLE_DEBUG_INFO = INCLUDE_SOURCE;
				MTL_FAST_MATH = YES;
				ONLY_ACTIVE_ARCH = YES;
				SDKROOT = iphoneos;
				SWIFT_ACTIVE_COMPILATION_CONDITIONS = DEBUG;
				SWIFT_OPTIMIZATION_LEVEL = "-Onone";
			};
			name = Debug;
		};
		75252FA2257E07260067B851 /* Release */ = {
			isa = XCBuildConfiguration;
			buildSettings = {
				ALWAYS_SEARCH_USER_PATHS = NO;
				CLANG_ANALYZER_NONNULL = YES;
				CLANG_ANALYZER_NUMBER_OBJECT_CONVERSION = YES_AGGRESSIVE;
				CLANG_CXX_LANGUAGE_STANDARD = "gnu++14";
				CLANG_CXX_LIBRARY = "libc++";
				CLANG_ENABLE_MODULES = YES;
				CLANG_ENABLE_OBJC_ARC = YES;
				CLANG_ENABLE_OBJC_WEAK = YES;
				CLANG_WARN_BLOCK_CAPTURE_AUTORELEASING = YES;
				CLANG_WARN_BOOL_CONVERSION = YES;
				CLANG_WARN_COMMA = YES;
				CLANG_WARN_CONSTANT_CONVERSION = YES;
				CLANG_WARN_DEPRECATED_OBJC_IMPLEMENTATIONS = YES;
				CLANG_WARN_DIRECT_OBJC_ISA_USAGE = YES_ERROR;
				CLANG_WARN_DOCUMENTATION_COMMENTS = YES;
				CLANG_WARN_EMPTY_BODY = YES;
				CLANG_WARN_ENUM_CONVERSION = YES;
				CLANG_WARN_INFINITE_RECURSION = YES;
				CLANG_WARN_INT_CONVERSION = YES;
				CLANG_WARN_NON_LITERAL_NULL_CONVERSION = YES;
				CLANG_WARN_OBJC_IMPLICIT_RETAIN_SELF = YES;
				CLANG_WARN_OBJC_LITERAL_CONVERSION = YES;
				CLANG_WARN_OBJC_ROOT_CLASS = YES_ERROR;
				CLANG_WARN_RANGE_LOOP_ANALYSIS = YES;
				CLANG_WARN_STRICT_PROTOTYPES = YES;
				CLANG_WARN_SUSPICIOUS_MOVE = YES;
				CLANG_WARN_UNGUARDED_AVAILABILITY = YES_AGGRESSIVE;
				CLANG_WARN_UNREACHABLE_CODE = YES;
				CLANG_WARN__DUPLICATE_METHOD_MATCH = YES;
				COPY_PHASE_STRIP = NO;
				DEBUG_INFORMATION_FORMAT = "dwarf-with-dsym";
				ENABLE_NS_ASSERTIONS = NO;
				ENABLE_STRICT_OBJC_MSGSEND = YES;
				GCC_C_LANGUAGE_STANDARD = gnu11;
				GCC_NO_COMMON_BLOCKS = YES;
				GCC_WARN_64_TO_32_BIT_CONVERSION = YES;
				GCC_WARN_ABOUT_RETURN_TYPE = YES_ERROR;
				GCC_WARN_UNDECLARED_SELECTOR = YES;
				GCC_WARN_UNINITIALIZED_AUTOS = YES_AGGRESSIVE;
				GCC_WARN_UNUSED_FUNCTION = YES;
				GCC_WARN_UNUSED_VARIABLE = YES;
				IPHONEOS_DEPLOYMENT_TARGET = 13.2;
				MTL_ENABLE_DEBUG_INFO = NO;
				MTL_FAST_MATH = YES;
				SDKROOT = iphoneos;
				SWIFT_COMPILATION_MODE = wholemodule;
				SWIFT_OPTIMIZATION_LEVEL = "-O";
				VALIDATE_PRODUCT = YES;
			};
			name = Release;
		};
		75252FA4257E07260067B851 /* Debug */ = {
			isa = XCBuildConfiguration;
			baseConfigurationReference = 60C3FDBDBA7E297310050A32 /* Pods-InternCower.debug.xcconfig */;
			buildSettings = {
				ASSETCATALOG_COMPILER_APPICON_NAME = AppIcon;
				CODE_SIGN_STYLE = Automatic;
				DEVELOPMENT_TEAM = 73RF6G97S8;
				INFOPLIST_FILE = InternCower/Info.plist;
				IPHONEOS_DEPLOYMENT_TARGET = 11.3;
				LD_RUNPATH_SEARCH_PATHS = (
					"$(inherited)",
					"@executable_path/Frameworks",
				);
				PRODUCT_BUNDLE_IDENTIFIER = internShip.tofukma.InternCower;
				PRODUCT_NAME = "$(TARGET_NAME)";
				SWIFT_VERSION = 5.0;
				TARGETED_DEVICE_FAMILY = "1,2";
			};
			name = Debug;
		};
		75252FA5257E07260067B851 /* Release */ = {
			isa = XCBuildConfiguration;
			baseConfigurationReference = 7C0EE1A51569F0CB18CB495C /* Pods-InternCower.release.xcconfig */;
			buildSettings = {
				ASSETCATALOG_COMPILER_APPICON_NAME = AppIcon;
				CODE_SIGN_STYLE = Automatic;
				DEVELOPMENT_TEAM = 73RF6G97S8;
				INFOPLIST_FILE = InternCower/Info.plist;
				IPHONEOS_DEPLOYMENT_TARGET = 11.3;
				LD_RUNPATH_SEARCH_PATHS = (
					"$(inherited)",
					"@executable_path/Frameworks",
				);
				PRODUCT_BUNDLE_IDENTIFIER = internShip.tofukma.InternCower;
				PRODUCT_NAME = "$(TARGET_NAME)";
				SWIFT_VERSION = 5.0;
				TARGETED_DEVICE_FAMILY = "1,2";
			};
			name = Release;
		};
		75252FA7257E07260067B851 /* Debug */ = {
			isa = XCBuildConfiguration;
			baseConfigurationReference = E7538B6C259BA5995F6AF805 /* Pods-InternCowerTests.debug.xcconfig */;
			buildSettings = {
				ALWAYS_EMBED_SWIFT_STANDARD_LIBRARIES = YES;
				BUNDLE_LOADER = "$(TEST_HOST)";
				CODE_SIGN_STYLE = Automatic;
				DEVELOPMENT_TEAM = 73RF6G97S8;
				INFOPLIST_FILE = InternCowerTests/Info.plist;
				IPHONEOS_DEPLOYMENT_TARGET = 13.2;
				LD_RUNPATH_SEARCH_PATHS = (
					"$(inherited)",
					"@executable_path/Frameworks",
					"@loader_path/Frameworks",
				);
				PRODUCT_BUNDLE_IDENTIFIER = internShip.tofukma.InternCowerTests;
				PRODUCT_NAME = "$(TARGET_NAME)";
				SWIFT_VERSION = 5.0;
				TARGETED_DEVICE_FAMILY = "1,2";
				TEST_HOST = "$(BUILT_PRODUCTS_DIR)/InternCower.app/InternCower";
			};
			name = Debug;
		};
		75252FA8257E07260067B851 /* Release */ = {
			isa = XCBuildConfiguration;
			baseConfigurationReference = 36F4D99CAE36C50B54B4189C /* Pods-InternCowerTests.release.xcconfig */;
			buildSettings = {
				ALWAYS_EMBED_SWIFT_STANDARD_LIBRARIES = YES;
				BUNDLE_LOADER = "$(TEST_HOST)";
				CODE_SIGN_STYLE = Automatic;
				DEVELOPMENT_TEAM = 73RF6G97S8;
				INFOPLIST_FILE = InternCowerTests/Info.plist;
				IPHONEOS_DEPLOYMENT_TARGET = 13.2;
				LD_RUNPATH_SEARCH_PATHS = (
					"$(inherited)",
					"@executable_path/Frameworks",
					"@loader_path/Frameworks",
				);
				PRODUCT_BUNDLE_IDENTIFIER = internShip.tofukma.InternCowerTests;
				PRODUCT_NAME = "$(TARGET_NAME)";
				SWIFT_VERSION = 5.0;
				TARGETED_DEVICE_FAMILY = "1,2";
				TEST_HOST = "$(BUILT_PRODUCTS_DIR)/InternCower.app/InternCower";
			};
			name = Release;
		};
		75252FAA257E07260067B851 /* Debug */ = {
			isa = XCBuildConfiguration;
			buildSettings = {
				ALWAYS_EMBED_SWIFT_STANDARD_LIBRARIES = YES;
				CODE_SIGN_STYLE = Automatic;
				DEVELOPMENT_TEAM = 73RF6G97S8;
				INFOPLIST_FILE = InternCowerUITests/Info.plist;
				LD_RUNPATH_SEARCH_PATHS = (
					"$(inherited)",
					"@executable_path/Frameworks",
					"@loader_path/Frameworks",
				);
				PRODUCT_BUNDLE_IDENTIFIER = internShip.tofukma.InternCowerUITests;
				PRODUCT_NAME = "$(TARGET_NAME)";
				SWIFT_VERSION = 5.0;
				TARGETED_DEVICE_FAMILY = "1,2";
				TEST_TARGET_NAME = InternCower;
			};
			name = Debug;
		};
		75252FAB257E07260067B851 /* Release */ = {
			isa = XCBuildConfiguration;
			buildSettings = {
				ALWAYS_EMBED_SWIFT_STANDARD_LIBRARIES = YES;
				CODE_SIGN_STYLE = Automatic;
				DEVELOPMENT_TEAM = 73RF6G97S8;
				INFOPLIST_FILE = InternCowerUITests/Info.plist;
				LD_RUNPATH_SEARCH_PATHS = (
					"$(inherited)",
					"@executable_path/Frameworks",
					"@loader_path/Frameworks",
				);
				PRODUCT_BUNDLE_IDENTIFIER = internShip.tofukma.InternCowerUITests;
				PRODUCT_NAME = "$(TARGET_NAME)";
				SWIFT_VERSION = 5.0;
				TARGETED_DEVICE_FAMILY = "1,2";
				TEST_TARGET_NAME = InternCower;
			};
			name = Release;
		};
/* End XCBuildConfiguration section */

/* Begin XCConfigurationList section */
		75252F74257E071E0067B851 /* Build configuration list for PBXProject "InternCower" */ = {
			isa = XCConfigurationList;
			buildConfigurations = (
				75252FA1257E07260067B851 /* Debug */,
				75252FA2257E07260067B851 /* Release */,
			);
			defaultConfigurationIsVisible = 0;
			defaultConfigurationName = Release;
		};
		75252FA3257E07260067B851 /* Build configuration list for PBXNativeTarget "InternCower" */ = {
			isa = XCConfigurationList;
			buildConfigurations = (
				75252FA4257E07260067B851 /* Debug */,
				75252FA5257E07260067B851 /* Release */,
			);
			defaultConfigurationIsVisible = 0;
			defaultConfigurationName = Release;
		};
		75252FA6257E07260067B851 /* Build configuration list for PBXNativeTarget "InternCowerTests" */ = {
			isa = XCConfigurationList;
			buildConfigurations = (
				75252FA7257E07260067B851 /* Debug */,
				75252FA8257E07260067B851 /* Release */,
			);
			defaultConfigurationIsVisible = 0;
			defaultConfigurationName = Release;
		};
		75252FA9257E07260067B851 /* Build configuration list for PBXNativeTarget "InternCowerUITests" */ = {
			isa = XCConfigurationList;
			buildConfigurations = (
				75252FAA257E07260067B851 /* Debug */,
				75252FAB257E07260067B851 /* Release */,
			);
			defaultConfigurationIsVisible = 0;
			defaultConfigurationName = Release;
		};
/* End XCConfigurationList section */
	};
	rootObject = 75252F71257E071E0067B851 /* Project object */;
}
